# THIS IS AN AUTOGENERATED FILE. DO NOT EDIT THIS FILE DIRECTLY.
# yarn lockfile v1


jsnes@^1.0.1:
  version "1.0.1"
  resolved "https://registry.yarnpkg.com/jsnes/-/jsnes-1.0.1.tgz#d078b060feede9489f19b25713d59592330f34a3"
  integrity sha512-ks+rUM+YyZUNKiitZCVQzNIeFpu5XfXPf8h+fvFlsXeb49M78jPPQBSN4i/Alm76kNhc6CHw2tkpdl7Yj4n19Q==
